
Microsoft Visual Studio Solution File, Format Version 12.00
# Visual Studio 2012
Project("{FAE04EC0-301F-11D3-BF4B-00C04F79EFBC}") = "FoodTrackerUITests", "FoodTrackerUITests.csproj", "{64104687-4042-4166-851F-2C4BAEC67430}"
EndProject
Global
	GlobalSection(SolutionConfigurationPlatforms) = preSolution
		Debug|Any CPU = Debug|Any CPU
		Release|Any CPU = Release|Any CPU
	EndGlobalSection
	GlobalSection(ProjectConfigurationPlatforms) = postSolution
		{64104687-4042-4166-851F-2C4BAEC67430}.Debug|Any CPU.ActiveCfg = Debug|Any CPU
		{64104687-4042-4166-851F-2C4BAEC67430}.Debug|Any CPU.Build.0 = Debug|Any CPU
		{64104687-4042-4166-851F-2C4BAEC67430}.Release|Any CPU.ActiveCfg = Release|Any CPU
		{64104687-4042-4166-851F-2C4BAEC67430}.Release|Any CPU.Build.0 = Release|Any CPU
	EndGlobalSection
EndGlobal
